// !$*UTF8*$!
{
	archiveVersion = 1;
	classes = {
	};
	objectVersion = 46;
	objects = {

/* Begin PBXBuildFile section */
		1F03C91B173D001E005B21FE /* background.png in Resources */ = {isa = PBXBuildFile; fileRef = 1F03C90B173D001E005B21FE /* background.png */; };
		1F03C91C173D001E005B21FE /* background@2x.png in Resources */ = {isa = PBXBuildFile; fileRef = 1F03C90C173D001E005B21FE /* background@2x.png */; };
		1F03C91D173D001E005B21FE /* coco-logo.png in Resources */ = {isa = PBXBuildFile; fileRef = 1F03C90D173D001E005B21FE /* coco-logo.png */; };
		1F03C91E173D001E005B21FE /* coco-logo@2x.png in Resources */ = {isa = PBXBuildFile; fileRef = 1F03C90E173D001E005B21FE /* coco-logo@2x.png */; };
		1F03C91F173D001E005B21FE /* diploma-button-bg.png in Resources */ = {isa = PBXBuildFile; fileRef = 1F03C90F173D001E005B21FE /* diploma-button-bg.png */; };
		1F03C920173D001E005B21FE /* diploma-button-bg@2x.png in Resources */ = {isa = PBXBuildFile; fileRef = 1F03C910173D001E005B21FE /* diploma-button-bg@2x.png */; };
		1F03C921173D001E005B21FE /* icon-boat.png in Resources */ = {isa = PBXBuildFile; fileRef = 1F03C911173D001E005B21FE /* icon-boat.png */; };
		1F03C922173D001E005B21FE /* icon-boat@2x.png in Resources */ = {isa = PBXBuildFile; fileRef = 1F03C912173D001E005B21FE /* icon-boat@2x.png */; };
		1F03C923173D001E005B21FE /* icon-flag.png in Resources */ = {isa = PBXBuildFile; fileRef = 1F03C913173D001E005B21FE /* icon-flag.png */; };
		1F03C924173D001E005B21FE /* icon-flag@2x.png in Resources */ = {isa = PBXBuildFile; fileRef = 1F03C914173D001E005B21FE /* icon-flag@2x.png */; };
		1F03C925173D001E005B21FE /* icon-map.png in Resources */ = {isa = PBXBuildFile; fileRef = 1F03C915173D001E005B21FE /* icon-map.png */; };
		1F03C926173D001E005B21FE /* icon-map@2x.png in Resources */ = {isa = PBXBuildFile; fileRef = 1F03C916173D001E005B21FE /* icon-map@2x.png */; };
		1F03C927173D001E005B21FE /* main-level-bg.png in Resources */ = {isa = PBXBuildFile; fileRef = 1F03C917173D001E005B21FE /* main-level-bg.png */; };
		1F03C928173D001E005B21FE /* main-level-bg@2x.png in Resources */ = {isa = PBXBuildFile; fileRef = 1F03C918173D001E005B21FE /* main-level-bg@2x.png */; };
		1F03C929173D001E005B21FE /* round-button-bg.png in Resources */ = {isa = PBXBuildFile; fileRef = 1F03C919173D001E005B21FE /* round-button-bg.png */; };
		1F03C92A173D001E005B21FE /* round-button-bg@2x.png in Resources */ = {isa = PBXBuildFile; fileRef = 1F03C91A173D001E005B21FE /* round-button-bg@2x.png */; };
		1F03C92F173D0242005B21FE /* diploma-button-behind.png in Resources */ = {isa = PBXBuildFile; fileRef = 1F03C92B173D0242005B21FE /* diploma-button-behind.png */; };
		1F03C930173D0242005B21FE /* diploma-button-behind@2x.png in Resources */ = {isa = PBXBuildFile; fileRef = 1F03C92C173D0242005B21FE /* diploma-button-behind@2x.png */; };
		1F03C931173D0242005B21FE /* round-button-behind.png in Resources */ = {isa = PBXBuildFile; fileRef = 1F03C92D173D0242005B21FE /* round-button-behind.png */; };
		1F03C932173D0242005B21FE /* round-button-behind@2x.png in Resources */ = {isa = PBXBuildFile; fileRef = 1F03C92E173D0242005B21FE /* round-button-behind@2x.png */; };
		1F7236CF1713FE3500349A34 /* FFAGameViewController.m in Sources */ = {isa = PBXBuildFile; fileRef = 1F7236CE1713FE3500349A34 /* FFAGameViewController.m */; };
		1F8348DF17425AAD00B25115 /* FFAQuestionData.m in Sources */ = {isa = PBXBuildFile; fileRef = 1F8348DE17425AAD00B25115 /* FFAQuestionData.m */; };
		1F8348E11742C3EF00B25115 /* questions_data.json in Resources */ = {isa = PBXBuildFile; fileRef = 1F8348E01742C3EF00B25115 /* questions_data.json */; };
		1F8348E41743ACE800B25115 /* info-bg.png in Resources */ = {isa = PBXBuildFile; fileRef = 1F8348E21743ACE500B25115 /* info-bg.png */; };
		1F8348E51743ACE800B25115 /* info-bg@2x.png in Resources */ = {isa = PBXBuildFile; fileRef = 1F8348E31743ACE600B25115 /* info-bg@2x.png */; };
		1F955DC91743F19D0083C6F4 /* main-level-closed.png in Resources */ = {isa = PBXBuildFile; fileRef = 1F955DC71743F19D0083C6F4 /* main-level-closed.png */; };
		1F955DCA1743F19D0083C6F4 /* main-level-closed@2x.png in Resources */ = {isa = PBXBuildFile; fileRef = 1F955DC81743F19D0083C6F4 /* main-level-closed@2x.png */; };
		1F955DCD17440B0A0083C6F4 /* diploma-bg.png in Resources */ = {isa = PBXBuildFile; fileRef = 1F955DCB17440B080083C6F4 /* diploma-bg.png */; };
		1F955DCE17440B0A0083C6F4 /* diploma-bg@2x.png in Resources */ = {isa = PBXBuildFile; fileRef = 1F955DCC17440B0A0083C6F4 /* diploma-bg@2x.png */; };
		1F955DD117440D350083C6F4 /* FFADiplomaViewController.m in Sources */ = {isa = PBXBuildFile; fileRef = 1F955DD017440D350083C6F4 /* FFADiplomaViewController.m */; };
		1F955DD7174416D80083C6F4 /* Icon-72.png in Resources */ = {isa = PBXBuildFile; fileRef = 1F955DD6174416D80083C6F4 /* Icon-72.png */; };
		1F955DD9174416E60083C6F4 /* Icon-72@2x.png in Resources */ = {isa = PBXBuildFile; fileRef = 1F955DD8174416E60083C6F4 /* Icon-72@2x.png */; };
		1F955DEE1744262F0083C6F4 /* answer-button-normal.png in Resources */ = {isa = PBXBuildFile; fileRef = 1F955DDA1744262F0083C6F4 /* answer-button-normal.png */; };
		1F955DEF1744262F0083C6F4 /* answer-button-normal@2x.png in Resources */ = {isa = PBXBuildFile; fileRef = 1F955DDB1744262F0083C6F4 /* answer-button-normal@2x.png */; };
		1F955DF01744262F0083C6F4 /* answer-right-button.png in Resources */ = {isa = PBXBuildFile; fileRef = 1F955DDC1744262F0083C6F4 /* answer-right-button.png */; };
		1F955DF11744262F0083C6F4 /* answer-right-button@2x.png in Resources */ = {isa = PBXBuildFile; fileRef = 1F955DDD1744262F0083C6F4 /* answer-right-button@2x.png */; };
		1F955DF21744262F0083C6F4 /* answer-wrong-button.png in Resources */ = {isa = PBXBuildFile; fileRef = 1F955DDE1744262F0083C6F4 /* answer-wrong-button.png */; };
		1F955DF31744262F0083C6F4 /* answer-wrong-button@2x.png in Resources */ = {isa = PBXBuildFile; fileRef = 1F955DDF1744262F0083C6F4 /* answer-wrong-button@2x.png */; };
		1F955DF61744262F0083C6F4 /* flag1.png in Resources */ = {isa = PBXBuildFile; fileRef = 1F955DE21744262F0083C6F4 /* flag1.png */; };
		1F955DF71744262F0083C6F4 /* flag1@2x.png in Resources */ = {isa = PBXBuildFile; fileRef = 1F955DE31744262F0083C6F4 /* flag1@2x.png */; };
		1F955DF81744262F0083C6F4 /* island1.png in Resources */ = {isa = PBXBuildFile; fileRef = 1F955DE41744262F0083C6F4 /* island1.png */; };
		1F955DF91744262F0083C6F4 /* island1@2x.png in Resources */ = {isa = PBXBuildFile; fileRef = 1F955DE51744262F0083C6F4 /* island1@2x.png */; };
		1F955DFA1744262F0083C6F4 /* port1.png in Resources */ = {isa = PBXBuildFile; fileRef = 1F955DE61744262F0083C6F4 /* port1.png */; };
		1F955DFB1744262F0083C6F4 /* port1@2x.png in Resources */ = {isa = PBXBuildFile; fileRef = 1F955DE71744262F0083C6F4 /* port1@2x.png */; };
		1F955DFC1744262F0083C6F4 /* right-badge.png in Resources */ = {isa = PBXBuildFile; fileRef = 1F955DE81744262F0083C6F4 /* right-badge.png */; };
		1F955DFD1744262F0083C6F4 /* right-badge@2x.png in Resources */ = {isa = PBXBuildFile; fileRef = 1F955DE91744262F0083C6F4 /* right-badge@2x.png */; };
		1F955DFE1744262F0083C6F4 /* tip-bg.png in Resources */ = {isa = PBXBuildFile; fileRef = 1F955DEA1744262F0083C6F4 /* tip-bg.png */; };
		1F955DFF1744262F0083C6F4 /* tip-bg@2x.png in Resources */ = {isa = PBXBuildFile; fileRef = 1F955DEB1744262F0083C6F4 /* tip-bg@2x.png */; };
		1F955E001744262F0083C6F4 /* wrong-badge.png in Resources */ = {isa = PBXBuildFile; fileRef = 1F955DEC1744262F0083C6F4 /* wrong-badge.png */; };
		1F955E011744262F0083C6F4 /* wrong-badge@2x.png in Resources */ = {isa = PBXBuildFile; fileRef = 1F955DED1744262F0083C6F4 /* wrong-badge@2x.png */; };
		1F955E04174437DA0083C6F4 /* sea.png in Resources */ = {isa = PBXBuildFile; fileRef = 1F955E02174437D90083C6F4 /* sea.png */; };
		1F955E05174437DA0083C6F4 /* sea@2x.png in Resources */ = {isa = PBXBuildFile; fileRef = 1F955E03174437D90083C6F4 /* sea@2x.png */; };
		1F955E081744E9270083C6F4 /* boat1.png in Resources */ = {isa = PBXBuildFile; fileRef = 1F955E061744E9270083C6F4 /* boat1.png */; };
		1F955E091744E9270083C6F4 /* boat1@2x.png in Resources */ = {isa = PBXBuildFile; fileRef = 1F955E071744E9270083C6F4 /* boat1@2x.png */; };
		1F955E0C1744EF0D0083C6F4 /* play-button.png in Resources */ = {isa = PBXBuildFile; fileRef = 1F955E0A1744EF0D0083C6F4 /* play-button.png */; };
		1F955E0D1744EF0D0083C6F4 /* play-button@2x.png in Resources */ = {isa = PBXBuildFile; fileRef = 1F955E0B1744EF0D0083C6F4 /* play-button@2x.png */; };
		1F955E101744EF8C0083C6F4 /* menu-level1-bg.png in Resources */ = {isa = PBXBuildFile; fileRef = 1F955E0E1744EF8C0083C6F4 /* menu-level1-bg.png */; };
		1F955E111744EF8C0083C6F4 /* menu-level1-bg@2x.png in Resources */ = {isa = PBXBuildFile; fileRef = 1F955E0F1744EF8C0083C6F4 /* menu-level1-bg@2x.png */; };
		1FB32F51170D9F9E00E6FEC6 /* UIKit.framework in Frameworks */ = {isa = PBXBuildFile; fileRef = 1FB32F50170D9F9E00E6FEC6 /* UIKit.framework */; };
		1FB32F53170D9F9E00E6FEC6 /* Foundation.framework in Frameworks */ = {isa = PBXBuildFile; fileRef = 1FB32F52170D9F9E00E6FEC6 /* Foundation.framework */; };
		1FB32F55170D9F9E00E6FEC6 /* CoreGraphics.framework in Frameworks */ = {isa = PBXBuildFile; fileRef = 1FB32F54170D9F9E00E6FEC6 /* CoreGraphics.framework */; };
		1FB32F5B170D9F9E00E6FEC6 /* InfoPlist.strings in Resources */ = {isa = PBXBuildFile; fileRef = 1FB32F59170D9F9E00E6FEC6 /* InfoPlist.strings */; };
		1FB32F5D170D9F9E00E6FEC6 /* main.m in Sources */ = {isa = PBXBuildFile; fileRef = 1FB32F5C170D9F9E00E6FEC6 /* main.m */; };
		1FB32F61170D9F9E00E6FEC6 /* FFAAppDelegate.m in Sources */ = {isa = PBXBuildFile; fileRef = 1FB32F60170D9F9E00E6FEC6 /* FFAAppDelegate.m */; };
		1FB32F63170D9F9E00E6FEC6 /* Default.png in Resources */ = {isa = PBXBuildFile; fileRef = 1FB32F62170D9F9E00E6FEC6 /* Default.png */; };
		1FB32F65170D9F9E00E6FEC6 /* Default@2x.png in Resources */ = {isa = PBXBuildFile; fileRef = 1FB32F64170D9F9E00E6FEC6 /* Default@2x.png */; };
		1FB32F67170D9F9E00E6FEC6 /* Default-568h@2x.png in Resources */ = {isa = PBXBuildFile; fileRef = 1FB32F66170D9F9E00E6FEC6 /* Default-568h@2x.png */; };
		1FB32F6A170D9F9E00E6FEC6 /* MainStoryboard.storyboard in Resources */ = {isa = PBXBuildFile; fileRef = 1FB32F68170D9F9E00E6FEC6 /* MainStoryboard.storyboard */; };
		1FB32F6D170D9F9E00E6FEC6 /* FFAStartViewController.m in Sources */ = {isa = PBXBuildFile; fileRef = 1FB32F6C170D9F9E00E6FEC6 /* FFAStartViewController.m */; };
		1FBA360C1740FBDA00621A20 /* comic-continue.png in Resources */ = {isa = PBXBuildFile; fileRef = 1FBA36001740FBD200621A20 /* comic-continue.png */; };
		1FBA360D1740FBDA00621A20 /* comic-continue@2x.png in Resources */ = {isa = PBXBuildFile; fileRef = 1FBA36011740FBD300621A20 /* comic-continue@2x.png */; };
		1FBA360E1740FBDA00621A20 /* comic1.png in Resources */ = {isa = PBXBuildFile; fileRef = 1FBA36021740FBD300621A20 /* comic1.png */; };
		1FBA360F1740FBDA00621A20 /* comic1@2x.png in Resources */ = {isa = PBXBuildFile; fileRef = 1FBA36031740FBD400621A20 /* comic1@2x.png */; };
		1FBA36101740FBDA00621A20 /* comic2.png in Resources */ = {isa = PBXBuildFile; fileRef = 1FBA36041740FBD500621A20 /* comic2.png */; };
		1FBA36111740FBDA00621A20 /* comic2@2x.png in Resources */ = {isa = PBXBuildFile; fileRef = 1FBA36051740FBD500621A20 /* comic2@2x.png */; };
		1FBA36121740FBDA00621A20 /* comic3.png in Resources */ = {isa = PBXBuildFile; fileRef = 1FBA36061740FBD600621A20 /* comic3.png */; };
		1FBA36131740FBDA00621A20 /* comic3@2x.png in Resources */ = {isa = PBXBuildFile; fileRef = 1FBA36071740FBD700621A20 /* comic3@2x.png */; };
		1FBA36141740FBDA00621A20 /* comic4.png in Resources */ = {isa = PBXBuildFile; fileRef = 1FBA36081740FBD700621A20 /* comic4.png */; };
		1FBA36151740FBDA00621A20 /* comic4@2x.png in Resources */ = {isa = PBXBuildFile; fileRef = 1FBA36091740FBD800621A20 /* comic4@2x.png */; };
		1FBA36161740FBDA00621A20 /* comic5.png in Resources */ = {isa = PBXBuildFile; fileRef = 1FBA360A1740FBD800621A20 /* comic5.png */; };
		1FBA36171740FBDA00621A20 /* comic5@2x.png in Resources */ = {isa = PBXBuildFile; fileRef = 1FBA360B1740FBD900621A20 /* comic5@2x.png */; };
		1FD747201732870C008B38DA /* ArbutusSlab.ttf in Resources */ = {isa = PBXBuildFile; fileRef = 1FD7471E1732870C008B38DA /* ArbutusSlab.ttf */; };
		1FD747211732870C008B38DA /* TradeWinds.ttf in Resources */ = {isa = PBXBuildFile; fileRef = 1FD7471F1732870C008B38DA /* TradeWinds.ttf */; };
		1FD7472D17329199008B38DA /* sidebar-bg.png in Resources */ = {isa = PBXBuildFile; fileRef = 1FD7472717329199008B38DA /* sidebar-bg.png */; };
		1FD7472E17329199008B38DA /* sidebar-bg@2x.png in Resources */ = {isa = PBXBuildFile; fileRef = 1FD7472817329199008B38DA /* sidebar-bg@2x.png */; };
		1FFF2EBA17202C550071E9F8 /* FFAPlayer.m in Sources */ = {isa = PBXBuildFile; fileRef = 1FFF2EB917202C550071E9F8 /* FFAPlayer.m */; };
/* End PBXBuildFile section */

/* Begin PBXFileReference section */
		1F03C90B173D001E005B21FE /* background.png */ = {isa = PBXFileReference; lastKnownFileType = image.png; name = background.png; path = graphics/background.png; sourceTree = "<group>"; };
		1F03C90C173D001E005B21FE /* background@2x.png */ = {isa = PBXFileReference; lastKnownFileType = image.png; name = "background@2x.png"; path = "graphics/background@2x.png"; sourceTree = "<group>"; };
		1F03C90D173D001E005B21FE /* coco-logo.png */ = {isa = PBXFileReference; lastKnownFileType = image.png; name = "coco-logo.png"; path = "graphics/coco-logo.png"; sourceTree = "<group>"; };
		1F03C90E173D001E005B21FE /* coco-logo@2x.png */ = {isa = PBXFileReference; lastKnownFileType = image.png; name = "coco-logo@2x.png"; path = "graphics/coco-logo@2x.png"; sourceTree = "<group>"; };
		1F03C90F173D001E005B21FE /* diploma-button-bg.png */ = {isa = PBXFileReference; lastKnownFileType = image.png; name = "diploma-button-bg.png"; path = "graphics/diploma-button-bg.png"; sourceTree = "<group>"; };
		1F03C910173D001E005B21FE /* diploma-button-bg@2x.png */ = {isa = PBXFileReference; lastKnownFileType = image.png; name = "diploma-button-bg@2x.png"; path = "graphics/diploma-button-bg@2x.png"; sourceTree = "<group>"; };
		1F03C911173D001E005B21FE /* icon-boat.png */ = {isa = PBXFileReference; lastKnownFileType = image.png; name = "icon-boat.png"; path = "graphics/icon-boat.png"; sourceTree = "<group>"; };
		1F03C912173D001E005B21FE /* icon-boat@2x.png */ = {isa = PBXFileReference; lastKnownFileType = image.png; name = "icon-boat@2x.png"; path = "graphics/icon-boat@2x.png"; sourceTree = "<group>"; };
		1F03C913173D001E005B21FE /* icon-flag.png */ = {isa = PBXFileReference; lastKnownFileType = image.png; name = "icon-flag.png"; path = "graphics/icon-flag.png"; sourceTree = "<group>"; };
		1F03C914173D001E005B21FE /* icon-flag@2x.png */ = {isa = PBXFileReference; lastKnownFileType = image.png; name = "icon-flag@2x.png"; path = "graphics/icon-flag@2x.png"; sourceTree = "<group>"; };
		1F03C915173D001E005B21FE /* icon-map.png */ = {isa = PBXFileReference; lastKnownFileType = image.png; name = "icon-map.png"; path = "graphics/icon-map.png"; sourceTree = "<group>"; };
		1F03C916173D001E005B21FE /* icon-map@2x.png */ = {isa = PBXFileReference; lastKnownFileType = image.png; name = "icon-map@2x.png"; path = "graphics/icon-map@2x.png"; sourceTree = "<group>"; };
		1F03C917173D001E005B21FE /* main-level-bg.png */ = {isa = PBXFileReference; lastKnownFileType = image.png; name = "main-level-bg.png"; path = "graphics/main-level-bg.png"; sourceTree = "<group>"; };
		1F03C918173D001E005B21FE /* main-level-bg@2x.png */ = {isa = PBXFileReference; lastKnownFileType = image.png; name = "main-level-bg@2x.png"; path = "graphics/main-level-bg@2x.png"; sourceTree = "<group>"; };
		1F03C919173D001E005B21FE /* round-button-bg.png */ = {isa = PBXFileReference; lastKnownFileType = image.png; name = "round-button-bg.png"; path = "graphics/round-button-bg.png"; sourceTree = "<group>"; };
		1F03C91A173D001E005B21FE /* round-button-bg@2x.png */ = {isa = PBXFileReference; lastKnownFileType = image.png; name = "round-button-bg@2x.png"; path = "graphics/round-button-bg@2x.png"; sourceTree = "<group>"; };
		1F03C92B173D0242005B21FE /* diploma-button-behind.png */ = {isa = PBXFileReference; lastKnownFileType = image.png; name = "diploma-button-behind.png"; path = "graphics/diploma-button-behind.png"; sourceTree = "<group>"; };
		1F03C92C173D0242005B21FE /* diploma-button-behind@2x.png */ = {isa = PBXFileReference; lastKnownFileType = image.png; name = "diploma-button-behind@2x.png"; path = "graphics/diploma-button-behind@2x.png"; sourceTree = "<group>"; };
		1F03C92D173D0242005B21FE /* round-button-behind.png */ = {isa = PBXFileReference; lastKnownFileType = image.png; name = "round-button-behind.png"; path = "graphics/round-button-behind.png"; sourceTree = "<group>"; };
		1F03C92E173D0242005B21FE /* round-button-behind@2x.png */ = {isa = PBXFileReference; lastKnownFileType = image.png; name = "round-button-behind@2x.png"; path = "graphics/round-button-behind@2x.png"; sourceTree = "<group>"; };
		1F7236CD1713FE3500349A34 /* FFAGameViewController.h */ = {isa = PBXFileReference; fileEncoding = 4; lastKnownFileType = sourcecode.c.h; path = FFAGameViewController.h; sourceTree = "<group>"; };
		1F7236CE1713FE3500349A34 /* FFAGameViewController.m */ = {isa = PBXFileReference; fileEncoding = 4; lastKnownFileType = sourcecode.c.objc; path = FFAGameViewController.m; sourceTree = "<group>"; };
		1F8348DD17425AAD00B25115 /* FFAQuestionData.h */ = {isa = PBXFileReference; fileEncoding = 4; lastKnownFileType = sourcecode.c.h; path = FFAQuestionData.h; sourceTree = "<group>"; };
		1F8348DE17425AAD00B25115 /* FFAQuestionData.m */ = {isa = PBXFileReference; fileEncoding = 4; lastKnownFileType = sourcecode.c.objc; path = FFAQuestionData.m; sourceTree = "<group>"; };
		1F8348E01742C3EF00B25115 /* questions_data.json */ = {isa = PBXFileReference; fileEncoding = 4; lastKnownFileType = text.json; name = questions_data.json; path = Data/questions_data.json; sourceTree = "<group>"; };
		1F8348E21743ACE500B25115 /* info-bg.png */ = {isa = PBXFileReference; lastKnownFileType = image.png; name = "info-bg.png"; path = "graphics/info-bg.png"; sourceTree = "<group>"; };
		1F8348E31743ACE600B25115 /* info-bg@2x.png */ = {isa = PBXFileReference; lastKnownFileType = image.png; name = "info-bg@2x.png"; path = "graphics/info-bg@2x.png"; sourceTree = "<group>"; };
		1F955DC71743F19D0083C6F4 /* main-level-closed.png */ = {isa = PBXFileReference; lastKnownFileType = image.png; name = "main-level-closed.png"; path = "graphics/main-level-closed.png"; sourceTree = "<group>"; };
		1F955DC81743F19D0083C6F4 /* main-level-closed@2x.png */ = {isa = PBXFileReference; lastKnownFileType = image.png; name = "main-level-closed@2x.png"; path = "graphics/main-level-closed@2x.png"; sourceTree = "<group>"; };
		1F955DCB17440B080083C6F4 /* diploma-bg.png */ = {isa = PBXFileReference; lastKnownFileType = image.png; name = "diploma-bg.png"; path = "graphics/diploma-bg.png"; sourceTree = "<group>"; };
		1F955DCC17440B0A0083C6F4 /* diploma-bg@2x.png */ = {isa = PBXFileReference; lastKnownFileType = image.png; name = "diploma-bg@2x.png"; path = "graphics/diploma-bg@2x.png"; sourceTree = "<group>"; };
		1F955DCF17440D350083C6F4 /* FFADiplomaViewController.h */ = {isa = PBXFileReference; fileEncoding = 4; lastKnownFileType = sourcecode.c.h; path = FFADiplomaViewController.h; sourceTree = "<group>"; };
		1F955DD017440D350083C6F4 /* FFADiplomaViewController.m */ = {isa = PBXFileReference; fileEncoding = 4; lastKnownFileType = sourcecode.c.objc; path = FFADiplomaViewController.m; sourceTree = "<group>"; };
		1F955DD6174416D80083C6F4 /* Icon-72.png */ = {isa = PBXFileReference; lastKnownFileType = image.png; path = "Icon-72.png"; sourceTree = "<group>"; };
		1F955DD8174416E60083C6F4 /* Icon-72@2x.png */ = {isa = PBXFileReference; lastKnownFileType = image.png; path = "Icon-72@2x.png"; sourceTree = "<group>"; };
		1F955DDA1744262F0083C6F4 /* answer-button-normal.png */ = {isa = PBXFileReference; lastKnownFileType = image.png; name = "answer-button-normal.png"; path = "graphics/answer-button-normal.png"; sourceTree = "<group>"; };
		1F955DDB1744262F0083C6F4 /* answer-button-normal@2x.png */ = {isa = PBXFileReference; lastKnownFileType = image.png; name = "answer-button-normal@2x.png"; path = "graphics/answer-button-normal@2x.png"; sourceTree = "<group>"; };
		1F955DDC1744262F0083C6F4 /* answer-right-button.png */ = {isa = PBXFileReference; lastKnownFileType = image.png; name = "answer-right-button.png"; path = "graphics/answer-right-button.png"; sourceTree = "<group>"; };
		1F955DDD1744262F0083C6F4 /* answer-right-button@2x.png */ = {isa = PBXFileReference; lastKnownFileType = image.png; name = "answer-right-button@2x.png"; path = "graphics/answer-right-button@2x.png"; sourceTree = "<group>"; };
		1F955DDE1744262F0083C6F4 /* answer-wrong-button.png */ = {isa = PBXFileReference; lastKnownFileType = image.png; name = "answer-wrong-button.png"; path = "graphics/answer-wrong-button.png"; sourceTree = "<group>"; };
		1F955DDF1744262F0083C6F4 /* answer-wrong-button@2x.png */ = {isa = PBXFileReference; lastKnownFileType = image.png; name = "answer-wrong-button@2x.png"; path = "graphics/answer-wrong-button@2x.png"; sourceTree = "<group>"; };
		1F955DE21744262F0083C6F4 /* flag1.png */ = {isa = PBXFileReference; lastKnownFileType = image.png; name = flag1.png; path = graphics/flag1.png; sourceTree = "<group>"; };
		1F955DE31744262F0083C6F4 /* flag1@2x.png */ = {isa = PBXFileReference; lastKnownFileType = image.png; name = "flag1@2x.png"; path = "graphics/flag1@2x.png"; sourceTree = "<group>"; };
		1F955DE41744262F0083C6F4 /* island1.png */ = {isa = PBXFileReference; lastKnownFileType = image.png; name = island1.png; path = graphics/island1.png; sourceTree = "<group>"; };
		1F955DE51744262F0083C6F4 /* island1@2x.png */ = {isa = PBXFileReference; lastKnownFileType = image.png; name = "island1@2x.png"; path = "graphics/island1@2x.png"; sourceTree = "<group>"; };
		1F955DE61744262F0083C6F4 /* port1.png */ = {isa = PBXFileReference; lastKnownFileType = image.png; name = port1.png; path = graphics/port1.png; sourceTree = "<group>"; };
		1F955DE71744262F0083C6F4 /* port1@2x.png */ = {isa = PBXFileReference; lastKnownFileType = image.png; name = "port1@2x.png"; path = "graphics/port1@2x.png"; sourceTree = "<group>"; };
		1F955DE81744262F0083C6F4 /* right-badge.png */ = {isa = PBXFileReference; lastKnownFileType = image.png; name = "right-badge.png"; path = "graphics/right-badge.png"; sourceTree = "<group>"; };
		1F955DE91744262F0083C6F4 /* right-badge@2x.png */ = {isa = PBXFileReference; lastKnownFileType = image.png; name = "right-badge@2x.png"; path = "graphics/right-badge@2x.png"; sourceTree = "<group>"; };
		1F955DEA1744262F0083C6F4 /* tip-bg.png */ = {isa = PBXFileReference; lastKnownFileType = image.png; name = "tip-bg.png"; path = "graphics/tip-bg.png"; sourceTree = "<group>"; };
		1F955DEB1744262F0083C6F4 /* tip-bg@2x.png */ = {isa = PBXFileReference; lastKnownFileType = image.png; name = "tip-bg@2x.png"; path = "graphics/tip-bg@2x.png"; sourceTree = "<group>"; };
		1F955DEC1744262F0083C6F4 /* wrong-badge.png */ = {isa = PBXFileReference; lastKnownFileType = image.png; name = "wrong-badge.png"; path = "graphics/wrong-badge.png"; sourceTree = "<group>"; };
		1F955DED1744262F0083C6F4 /* wrong-badge@2x.png */ = {isa = PBXFileReference; lastKnownFileType = image.png; name = "wrong-badge@2x.png"; path = "graphics/wrong-badge@2x.png"; sourceTree = "<group>"; };
		1F955E02174437D90083C6F4 /* sea.png */ = {isa = PBXFileReference; lastKnownFileType = image.png; name = sea.png; path = graphics/sea.png; sourceTree = "<group>"; };
		1F955E03174437D90083C6F4 /* sea@2x.png */ = {isa = PBXFileReference; lastKnownFileType = image.png; name = "sea@2x.png"; path = "graphics/sea@2x.png"; sourceTree = "<group>"; };
		1F955E061744E9270083C6F4 /* boat1.png */ = {isa = PBXFileReference; lastKnownFileType = image.png; name = boat1.png; path = graphics/boat1.png; sourceTree = "<group>"; };
		1F955E071744E9270083C6F4 /* boat1@2x.png */ = {isa = PBXFileReference; lastKnownFileType = image.png; name = "boat1@2x.png"; path = "graphics/boat1@2x.png"; sourceTree = "<group>"; };
		1F955E0A1744EF0D0083C6F4 /* play-button.png */ = {isa = PBXFileReference; lastKnownFileType = image.png; name = "play-button.png"; path = "graphics/play-button.png"; sourceTree = "<group>"; };
		1F955E0B1744EF0D0083C6F4 /* play-button@2x.png */ = {isa = PBXFileReference; lastKnownFileType = image.png; name = "play-button@2x.png"; path = "graphics/play-button@2x.png"; sourceTree = "<group>"; };
		1F955E0E1744EF8C0083C6F4 /* menu-level1-bg.png */ = {isa = PBXFileReference; lastKnownFileType = image.png; name = "menu-level1-bg.png"; path = "graphics/menu-level1-bg.png"; sourceTree = "<group>"; };
		1F955E0F1744EF8C0083C6F4 /* menu-level1-bg@2x.png */ = {isa = PBXFileReference; lastKnownFileType = image.png; name = "menu-level1-bg@2x.png"; path = "graphics/menu-level1-bg@2x.png"; sourceTree = "<group>"; };
		1FB32F4D170D9F9E00E6FEC6 /* financialflow.app */ = {isa = PBXFileReference; explicitFileType = wrapper.application; includeInIndex = 0; path = financialflow.app; sourceTree = BUILT_PRODUCTS_DIR; };
		1FB32F50170D9F9E00E6FEC6 /* UIKit.framework */ = {isa = PBXFileReference; lastKnownFileType = wrapper.framework; name = UIKit.framework; path = System/Library/Frameworks/UIKit.framework; sourceTree = SDKROOT; };
		1FB32F52170D9F9E00E6FEC6 /* Foundation.framework */ = {isa = PBXFileReference; lastKnownFileType = wrapper.framework; name = Foundation.framework; path = System/Library/Frameworks/Foundation.framework; sourceTree = SDKROOT; };
		1FB32F54170D9F9E00E6FEC6 /* CoreGraphics.framework */ = {isa = PBXFileReference; lastKnownFileType = wrapper.framework; name = CoreGraphics.framework; path = System/Library/Frameworks/CoreGraphics.framework; sourceTree = SDKROOT; };
		1FB32F58170D9F9E00E6FEC6 /* financialflow-Info.plist */ = {isa = PBXFileReference; lastKnownFileType = text.plist.xml; path = "financialflow-Info.plist"; sourceTree = "<group>"; };
		1FB32F5A170D9F9E00E6FEC6 /* en */ = {isa = PBXFileReference; lastKnownFileType = text.plist.strings; name = en; path = en.lproj/InfoPlist.strings; sourceTree = "<group>"; };
		1FB32F5C170D9F9E00E6FEC6 /* main.m */ = {isa = PBXFileReference; lastKnownFileType = sourcecode.c.objc; path = main.m; sourceTree = "<group>"; };
		1FB32F5E170D9F9E00E6FEC6 /* financialflow-Prefix.pch */ = {isa = PBXFileReference; lastKnownFileType = sourcecode.c.h; path = "financialflow-Prefix.pch"; sourceTree = "<group>"; };
		1FB32F5F170D9F9E00E6FEC6 /* FFAAppDelegate.h */ = {isa = PBXFileReference; lastKnownFileType = sourcecode.c.h; path = FFAAppDelegate.h; sourceTree = "<group>"; };
		1FB32F60170D9F9E00E6FEC6 /* FFAAppDelegate.m */ = {isa = PBXFileReference; lastKnownFileType = sourcecode.c.objc; path = FFAAppDelegate.m; sourceTree = "<group>"; };
		1FB32F62170D9F9E00E6FEC6 /* Default.png */ = {isa = PBXFileReference; lastKnownFileType = image.png; path = Default.png; sourceTree = "<group>"; };
		1FB32F64170D9F9E00E6FEC6 /* Default@2x.png */ = {isa = PBXFileReference; lastKnownFileType = image.png; path = "Default@2x.png"; sourceTree = "<group>"; };
		1FB32F66170D9F9E00E6FEC6 /* Default-568h@2x.png */ = {isa = PBXFileReference; lastKnownFileType = image.png; path = "Default-568h@2x.png"; sourceTree = "<group>"; };
		1FB32F69170D9F9E00E6FEC6 /* en */ = {isa = PBXFileReference; lastKnownFileType = file.storyboard; name = en; path = en.lproj/MainStoryboard.storyboard; sourceTree = "<group>"; };
		1FB32F6B170D9F9E00E6FEC6 /* FFAStartViewController.h */ = {isa = PBXFileReference; lastKnownFileType = sourcecode.c.h; path = FFAStartViewController.h; sourceTree = "<group>"; };
		1FB32F6C170D9F9E00E6FEC6 /* FFAStartViewController.m */ = {isa = PBXFileReference; lastKnownFileType = sourcecode.c.objc; path = FFAStartViewController.m; sourceTree = "<group>"; };
		1FBA36001740FBD200621A20 /* comic-continue.png */ = {isa = PBXFileReference; lastKnownFileType = image.png; name = "comic-continue.png"; path = "graphics/comic-continue.png"; sourceTree = "<group>"; };
		1FBA36011740FBD300621A20 /* comic-continue@2x.png */ = {isa = PBXFileReference; lastKnownFileType = image.png; name = "comic-continue@2x.png"; path = "graphics/comic-continue@2x.png"; sourceTree = "<group>"; };
		1FBA36021740FBD300621A20 /* comic1.png */ = {isa = PBXFileReference; lastKnownFileType = image.png; name = comic1.png; path = graphics/comic1.png; sourceTree = "<group>"; };
		1FBA36031740FBD400621A20 /* comic1@2x.png */ = {isa = PBXFileReference; lastKnownFileType = image.png; name = "comic1@2x.png"; path = "graphics/comic1@2x.png"; sourceTree = "<group>"; };
		1FBA36041740FBD500621A20 /* comic2.png */ = {isa = PBXFileReference; lastKnownFileType = image.png; name = comic2.png; path = graphics/comic2.png; sourceTree = "<group>"; };
		1FBA36051740FBD500621A20 /* comic2@2x.png */ = {isa = PBXFileReference; lastKnownFileType = image.png; name = "comic2@2x.png"; path = "graphics/comic2@2x.png"; sourceTree = "<group>"; };
		1FBA36061740FBD600621A20 /* comic3.png */ = {isa = PBXFileReference; lastKnownFileType = image.png; name = comic3.png; path = graphics/comic3.png; sourceTree = "<group>"; };
		1FBA36071740FBD700621A20 /* comic3@2x.png */ = {isa = PBXFileReference; lastKnownFileType = image.png; name = "comic3@2x.png"; path = "graphics/comic3@2x.png"; sourceTree = "<group>"; };
		1FBA36081740FBD700621A20 /* comic4.png */ = {isa = PBXFileReference; lastKnownFileType = image.png; name = comic4.png; path = graphics/comic4.png; sourceTree = "<group>"; };
		1FBA36091740FBD800621A20 /* comic4@2x.png */ = {isa = PBXFileReference; lastKnownFileType = image.png; name = "comic4@2x.png"; path = "graphics/comic4@2x.png"; sourceTree = "<group>"; };
		1FBA360A1740FBD800621A20 /* comic5.png */ = {isa = PBXFileReference; lastKnownFileType = image.png; name = comic5.png; path = graphics/comic5.png; sourceTree = "<group>"; };
		1FBA360B1740FBD900621A20 /* comic5@2x.png */ = {isa = PBXFileReference; lastKnownFileType = image.png; name = "comic5@2x.png"; path = "graphics/comic5@2x.png"; sourceTree = "<group>"; };
		1FBA362717413F0500621A20 /* AudioToolbox.framework */ = {isa = PBXFileReference; lastKnownFileType = wrapper.framework; name = AudioToolbox.framework; path = System/Library/Frameworks/AudioToolbox.framework; sourceTree = SDKROOT; };
		1FBA362917413F0D00621A20 /* AVFoundation.framework */ = {isa = PBXFileReference; lastKnownFileType = wrapper.framework; name = AVFoundation.framework; path = System/Library/Frameworks/AVFoundation.framework; sourceTree = SDKROOT; };
		1FBA362B17413F1600621A20 /* OpenAL.framework */ = {isa = PBXFileReference; lastKnownFileType = wrapper.framework; name = OpenAL.framework; path = System/Library/Frameworks/OpenAL.framework; sourceTree = SDKROOT; };
		1FBA362D17413F1C00621A20 /* OpenGLES.framework */ = {isa = PBXFileReference; lastKnownFileType = wrapper.framework; name = OpenGLES.framework; path = System/Library/Frameworks/OpenGLES.framework; sourceTree = SDKROOT; };
		1FBA362F17413F2700621A20 /* QuartzCore.framework */ = {isa = PBXFileReference; lastKnownFileType = wrapper.framework; name = QuartzCore.framework; path = System/Library/Frameworks/QuartzCore.framework; sourceTree = SDKROOT; };
		1FBA363117413F4000621A20 /* libz.dylib */ = {isa = PBXFileReference; lastKnownFileType = "compiled.mach-o.dylib"; name = libz.dylib; path = usr/lib/libz.dylib; sourceTree = SDKROOT; };
		1FD7471E1732870C008B38DA /* ArbutusSlab.ttf */ = {isa = PBXFileReference; lastKnownFileType = file; name = ArbutusSlab.ttf; path = fonts/ArbutusSlab.ttf; sourceTree = "<group>"; };
		1FD7471F1732870C008B38DA /* TradeWinds.ttf */ = {isa = PBXFileReference; lastKnownFileType = file; name = TradeWinds.ttf; path = fonts/TradeWinds.ttf; sourceTree = "<group>"; };
		1FD7472717329199008B38DA /* sidebar-bg.png */ = {isa = PBXFileReference; lastKnownFileType = image.png; name = "sidebar-bg.png"; path = "graphics/sidebar-bg.png"; sourceTree = "<group>"; };
		1FD7472817329199008B38DA /* sidebar-bg@2x.png */ = {isa = PBXFileReference; lastKnownFileType = image.png; name = "sidebar-bg@2x.png"; path = "graphics/sidebar-bg@2x.png"; sourceTree = "<group>"; };
		1FFF2EB817202C550071E9F8 /* FFAPlayer.h */ = {isa = PBXFileReference; fileEncoding = 4; lastKnownFileType = sourcecode.c.h; path = FFAPlayer.h; sourceTree = "<group>"; };
		1FFF2EB917202C550071E9F8 /* FFAPlayer.m */ = {isa = PBXFileReference; fileEncoding = 4; lastKnownFileType = sourcecode.c.objc; path = FFAPlayer.m; sourceTree = "<group>"; };
/* End PBXFileReference section */

/* Begin PBXFrameworksBuildPhase section */
		1FB32F4A170D9F9E00E6FEC6 /* Frameworks */ = {
			isa = PBXFrameworksBuildPhase;
			buildActionMask = 2147483647;
			files = (
				1FB32F51170D9F9E00E6FEC6 /* UIKit.framework in Frameworks */,
				1FB32F53170D9F9E00E6FEC6 /* Foundation.framework in Frameworks */,
				1FB32F55170D9F9E00E6FEC6 /* CoreGraphics.framework in Frameworks */,
			);
			runOnlyForDeploymentPostprocessing = 0;
		};
/* End PBXFrameworksBuildPhase section */

/* Begin PBXGroup section */
		1FB32F44170D9F9E00E6FEC6 = {
			isa = PBXGroup;
			children = (
				1F955DD8174416E60083C6F4 /* Icon-72@2x.png */,
				1F955DD6174416D80083C6F4 /* Icon-72.png */,
				1FB32F56170D9F9E00E6FEC6 /* financialflow */,
				1FB32F4F170D9F9E00E6FEC6 /* Frameworks */,
				1FB32F4E170D9F9E00E6FEC6 /* Products */,
			);
			sourceTree = "<group>";
		};
		1FB32F4E170D9F9E00E6FEC6 /* Products */ = {
			isa = PBXGroup;
			children = (
				1FB32F4D170D9F9E00E6FEC6 /* financialflow.app */,
			);
			name = Products;
			sourceTree = "<group>";
		};
		1FB32F4F170D9F9E00E6FEC6 /* Frameworks */ = {
			isa = PBXGroup;
			children = (
				1FBA363117413F4000621A20 /* libz.dylib */,
				1FBA362F17413F2700621A20 /* QuartzCore.framework */,
				1FBA362D17413F1C00621A20 /* OpenGLES.framework */,
				1FBA362B17413F1600621A20 /* OpenAL.framework */,
				1FBA362917413F0D00621A20 /* AVFoundation.framework */,
				1FBA362717413F0500621A20 /* AudioToolbox.framework */,
				1FB32F50170D9F9E00E6FEC6 /* UIKit.framework */,
				1FB32F52170D9F9E00E6FEC6 /* Foundation.framework */,
				1FB32F54170D9F9E00E6FEC6 /* CoreGraphics.framework */,
			);
			name = Frameworks;
			sourceTree = "<group>";
		};
		1FB32F56170D9F9E00E6FEC6 /* financialflow */ = {
			isa = PBXGroup;
			children = (
				1FB32F5F170D9F9E00E6FEC6 /* FFAAppDelegate.h */,
				1FB32F60170D9F9E00E6FEC6 /* FFAAppDelegate.m */,
				1FB32F68170D9F9E00E6FEC6 /* MainStoryboard.storyboard */,
				1FFF2EB617202B9E0071E9F8 /* Controller */,
				1FFF2EB717202BED0071E9F8 /* Model */,
				1FD747221732873F008B38DA /* Graphics */,
				1FB32F57170D9F9E00E6FEC6 /* Supporting Files */,
			);
			path = financialflow;
			sourceTree = "<group>";
		};
		1FB32F57170D9F9E00E6FEC6 /* Supporting Files */ = {
			isa = PBXGroup;
			children = (
				1F8348E01742C3EF00B25115 /* questions_data.json */,
				1FD7471E1732870C008B38DA /* ArbutusSlab.ttf */,
				1FD7471F1732870C008B38DA /* TradeWinds.ttf */,
				1FB32F58170D9F9E00E6FEC6 /* financialflow-Info.plist */,
				1FB32F59170D9F9E00E6FEC6 /* InfoPlist.strings */,
				1FB32F5C170D9F9E00E6FEC6 /* main.m */,
				1FB32F5E170D9F9E00E6FEC6 /* financialflow-Prefix.pch */,
				1FB32F62170D9F9E00E6FEC6 /* Default.png */,
				1FB32F64170D9F9E00E6FEC6 /* Default@2x.png */,
				1FB32F66170D9F9E00E6FEC6 /* Default-568h@2x.png */,
			);
			name = "Supporting Files";
			sourceTree = "<group>";
		};
		1FD747221732873F008B38DA /* Graphics */ = {
			isa = PBXGroup;
			children = (
				1F955E0A1744EF0D0083C6F4 /* play-button.png */,
				1F955E0B1744EF0D0083C6F4 /* play-button@2x.png */,
				1F955E061744E9270083C6F4 /* boat1.png */,
				1F955E071744E9270083C6F4 /* boat1@2x.png */,
				1F955DDA1744262F0083C6F4 /* answer-button-normal.png */,
				1F955DDB1744262F0083C6F4 /* answer-button-normal@2x.png */,
				1F955DDC1744262F0083C6F4 /* answer-right-button.png */,
				1F955DDD1744262F0083C6F4 /* answer-right-button@2x.png */,
				1F955DDE1744262F0083C6F4 /* answer-wrong-button.png */,
				1F955DDF1744262F0083C6F4 /* answer-wrong-button@2x.png */,
				1F03C90B173D001E005B21FE /* background.png */,
				1F03C90C173D001E005B21FE /* background@2x.png */,
				1F03C90D173D001E005B21FE /* coco-logo.png */,
				1F03C90E173D001E005B21FE /* coco-logo@2x.png */,
				1FBA36001740FBD200621A20 /* comic-continue.png */,
				1FBA36011740FBD300621A20 /* comic-continue@2x.png */,
				1FBA36021740FBD300621A20 /* comic1.png */,
				1FBA36031740FBD400621A20 /* comic1@2x.png */,
				1FBA36041740FBD500621A20 /* comic2.png */,
				1FBA36051740FBD500621A20 /* comic2@2x.png */,
				1FBA36061740FBD600621A20 /* comic3.png */,
				1FBA36071740FBD700621A20 /* comic3@2x.png */,
				1FBA36081740FBD700621A20 /* comic4.png */,
				1FBA36091740FBD800621A20 /* comic4@2x.png */,
				1FBA360A1740FBD800621A20 /* comic5.png */,
				1FBA360B1740FBD900621A20 /* comic5@2x.png */,
				1F955DCB17440B080083C6F4 /* diploma-bg.png */,
				1F955DCC17440B0A0083C6F4 /* diploma-bg@2x.png */,
				1F03C92B173D0242005B21FE /* diploma-button-behind.png */,
				1F03C92C173D0242005B21FE /* diploma-button-behind@2x.png */,
				1F03C90F173D001E005B21FE /* diploma-button-bg.png */,
				1F03C910173D001E005B21FE /* diploma-button-bg@2x.png */,
				1F955DE21744262F0083C6F4 /* flag1.png */,
				1F955DE31744262F0083C6F4 /* flag1@2x.png */,
				1F03C911173D001E005B21FE /* icon-boat.png */,
				1F03C912173D001E005B21FE /* icon-boat@2x.png */,
				1F03C913173D001E005B21FE /* icon-flag.png */,
				1F03C914173D001E005B21FE /* icon-flag@2x.png */,
				1F03C915173D001E005B21FE /* icon-map.png */,
				1F03C916173D001E005B21FE /* icon-map@2x.png */,
				1F8348E21743ACE500B25115 /* info-bg.png */,
				1F8348E31743ACE600B25115 /* info-bg@2x.png */,
				1F955DE41744262F0083C6F4 /* island1.png */,
				1F955DE51744262F0083C6F4 /* island1@2x.png */,
				1F03C917173D001E005B21FE /* main-level-bg.png */,
				1F03C918173D001E005B21FE /* main-level-bg@2x.png */,
				1F955DC71743F19D0083C6F4 /* main-level-closed.png */,
				1F955DC81743F19D0083C6F4 /* main-level-closed@2x.png */,
				1F955E0E1744EF8C0083C6F4 /* menu-level1-bg.png */,
				1F955E0F1744EF8C0083C6F4 /* menu-level1-bg@2x.png */,
				1F955DE61744262F0083C6F4 /* port1.png */,
				1F955DE71744262F0083C6F4 /* port1@2x.png */,
				1F955DE81744262F0083C6F4 /* right-badge.png */,
				1F955DE91744262F0083C6F4 /* right-badge@2x.png */,
				1F03C92D173D0242005B21FE /* round-button-behind.png */,
				1F03C92E173D0242005B21FE /* round-button-behind@2x.png */,
				1F03C919173D001E005B21FE /* round-button-bg.png */,
				1F03C91A173D001E005B21FE /* round-button-bg@2x.png */,
				1F955E02174437D90083C6F4 /* sea.png */,
				1F955E03174437D90083C6F4 /* sea@2x.png */,
				1FD7472717329199008B38DA /* sidebar-bg.png */,
				1FD7472817329199008B38DA /* sidebar-bg@2x.png */,
				1F955DEA1744262F0083C6F4 /* tip-bg.png */,
				1F955DEB1744262F0083C6F4 /* tip-bg@2x.png */,
				1F955DEC1744262F0083C6F4 /* wrong-badge.png */,
				1F955DED1744262F0083C6F4 /* wrong-badge@2x.png */,
			);
			name = Graphics;
			sourceTree = "<group>";
		};
		1FFF2EB617202B9E0071E9F8 /* Controller */ = {
			isa = PBXGroup;
			children = (
				1F7236CD1713FE3500349A34 /* FFAGameViewController.h */,
				1F7236CE1713FE3500349A34 /* FFAGameViewController.m */,
				1FB32F6B170D9F9E00E6FEC6 /* FFAStartViewController.h */,
				1FB32F6C170D9F9E00E6FEC6 /* FFAStartViewController.m */,
				1F955DCF17440D350083C6F4 /* FFADiplomaViewController.h */,
				1F955DD017440D350083C6F4 /* FFADiplomaViewController.m */,
			);
			name = Controller;
			sourceTree = "<group>";
		};
		1FFF2EB717202BED0071E9F8 /* Model */ = {
			isa = PBXGroup;
			children = (
				1FFF2EB817202C550071E9F8 /* FFAPlayer.h */,
				1FFF2EB917202C550071E9F8 /* FFAPlayer.m */,
				1F8348DD17425AAD00B25115 /* FFAQuestionData.h */,
				1F8348DE17425AAD00B25115 /* FFAQuestionData.m */,
			);
			name = Model;
			sourceTree = "<group>";
		};
/* End PBXGroup section */

/* Begin PBXNativeTarget section */
		1FB32F4C170D9F9E00E6FEC6 /* financialflow */ = {
			isa = PBXNativeTarget;
			buildConfigurationList = 1FB32F70170D9F9E00E6FEC6 /* Build configuration list for PBXNativeTarget "financialflow" */;
			buildPhases = (
				1FB32F49170D9F9E00E6FEC6 /* Sources */,
				1FB32F4A170D9F9E00E6FEC6 /* Frameworks */,
				1FB32F4B170D9F9E00E6FEC6 /* Resources */,
			);
			buildRules = (
			);
			dependencies = (
			);
			name = financialflow;
			productName = financialflow;
			productReference = 1FB32F4D170D9F9E00E6FEC6 /* financialflow.app */;
			productType = "com.apple.product-type.application";
		};
/* End PBXNativeTarget section */

/* Begin PBXProject section */
		1FB32F45170D9F9E00E6FEC6 /* Project object */ = {
			isa = PBXProject;
			attributes = {
				CLASSPREFIX = FFA;
				LastUpgradeCheck = 0460;
				ORGANIZATIONNAME = Fabian;
			};
			buildConfigurationList = 1FB32F48170D9F9E00E6FEC6 /* Build configuration list for PBXProject "financialflow" */;
			compatibilityVersion = "Xcode 3.2";
			developmentRegion = English;
			hasScannedForEncodings = 0;
			knownRegions = (
				en,
			);
			mainGroup = 1FB32F44170D9F9E00E6FEC6;
			productRefGroup = 1FB32F4E170D9F9E00E6FEC6 /* Products */;
			projectDirPath = "";
			projectRoot = "";
			targets = (
				1FB32F4C170D9F9E00E6FEC6 /* financialflow */,
			);
		};
/* End PBXProject section */

/* Begin PBXResourcesBuildPhase section */
		1FB32F4B170D9F9E00E6FEC6 /* Resources */ = {
			isa = PBXResourcesBuildPhase;
			buildActionMask = 2147483647;
			files = (
				1FB32F5B170D9F9E00E6FEC6 /* InfoPlist.strings in Resources */,
				1FB32F63170D9F9E00E6FEC6 /* Default.png in Resources */,
				1FB32F65170D9F9E00E6FEC6 /* Default@2x.png in Resources */,
				1FB32F67170D9F9E00E6FEC6 /* Default-568h@2x.png in Resources */,
				1FB32F6A170D9F9E00E6FEC6 /* MainStoryboard.storyboard in Resources */,
				1FD747201732870C008B38DA /* ArbutusSlab.ttf in Resources */,
				1FD747211732870C008B38DA /* TradeWinds.ttf in Resources */,
				1FD7472D17329199008B38DA /* sidebar-bg.png in Resources */,
				1FD7472E17329199008B38DA /* sidebar-bg@2x.png in Resources */,
				1F03C91B173D001E005B21FE /* background.png in Resources */,
				1F03C91C173D001E005B21FE /* background@2x.png in Resources */,
				1F03C91D173D001E005B21FE /* coco-logo.png in Resources */,
				1F03C91E173D001E005B21FE /* coco-logo@2x.png in Resources */,
				1F03C91F173D001E005B21FE /* diploma-button-bg.png in Resources */,
				1F03C920173D001E005B21FE /* diploma-button-bg@2x.png in Resources */,
				1F03C921173D001E005B21FE /* icon-boat.png in Resources */,
				1F03C922173D001E005B21FE /* icon-boat@2x.png in Resources */,
				1F03C923173D001E005B21FE /* icon-flag.png in Resources */,
				1F03C924173D001E005B21FE /* icon-flag@2x.png in Resources */,
				1F03C925173D001E005B21FE /* icon-map.png in Resources */,
				1F03C926173D001E005B21FE /* icon-map@2x.png in Resources */,
				1F03C927173D001E005B21FE /* main-level-bg.png in Resources */,
				1F03C928173D001E005B21FE /* main-level-bg@2x.png in Resources */,
				1F03C929173D001E005B21FE /* round-button-bg.png in Resources */,
				1F03C92A173D001E005B21FE /* round-button-bg@2x.png in Resources */,
				1F03C92F173D0242005B21FE /* diploma-button-behind.png in Resources */,
				1F03C930173D0242005B21FE /* diploma-button-behind@2x.png in Resources */,
				1F03C931173D0242005B21FE /* round-button-behind.png in Resources */,
				1F03C932173D0242005B21FE /* round-button-behind@2x.png in Resources */,
				1FBA360C1740FBDA00621A20 /* comic-continue.png in Resources */,
				1FBA360D1740FBDA00621A20 /* comic-continue@2x.png in Resources */,
				1FBA360E1740FBDA00621A20 /* comic1.png in Resources */,
				1FBA360F1740FBDA00621A20 /* comic1@2x.png in Resources */,
				1FBA36101740FBDA00621A20 /* comic2.png in Resources */,
				1FBA36111740FBDA00621A20 /* comic2@2x.png in Resources */,
				1FBA36121740FBDA00621A20 /* comic3.png in Resources */,
				1FBA36131740FBDA00621A20 /* comic3@2x.png in Resources */,
				1FBA36141740FBDA00621A20 /* comic4.png in Resources */,
				1FBA36151740FBDA00621A20 /* comic4@2x.png in Resources */,
				1FBA36161740FBDA00621A20 /* comic5.png in Resources */,
				1FBA36171740FBDA00621A20 /* comic5@2x.png in Resources */,
				1F8348E11742C3EF00B25115 /* questions_data.json in Resources */,
				1F8348E41743ACE800B25115 /* info-bg.png in Resources */,
				1F8348E51743ACE800B25115 /* info-bg@2x.png in Resources */,
				1F955DC91743F19D0083C6F4 /* main-level-closed.png in Resources */,
				1F955DCA1743F19D0083C6F4 /* main-level-closed@2x.png in Resources */,
				1F955DCD17440B0A0083C6F4 /* diploma-bg.png in Resources */,
				1F955DCE17440B0A0083C6F4 /* diploma-bg@2x.png in Resources */,
				1F955DD7174416D80083C6F4 /* Icon-72.png in Resources */,
				1F955DD9174416E60083C6F4 /* Icon-72@2x.png in Resources */,
				1F955DEE1744262F0083C6F4 /* answer-button-normal.png in Resources */,
				1F955DEF1744262F0083C6F4 /* answer-button-normal@2x.png in Resources */,
				1F955DF01744262F0083C6F4 /* answer-right-button.png in Resources */,
				1F955DF11744262F0083C6F4 /* answer-right-button@2x.png in Resources */,
				1F955DF21744262F0083C6F4 /* answer-wrong-button.png in Resources */,
				1F955DF31744262F0083C6F4 /* answer-wrong-button@2x.png in Resources */,
				1F955DF61744262F0083C6F4 /* flag1.png in Resources */,
				1F955DF71744262F0083C6F4 /* flag1@2x.png in Resources */,
				1F955DF81744262F0083C6F4 /* island1.png in Resources */,
				1F955DF91744262F0083C6F4 /* island1@2x.png in Resources */,
				1F955DFA1744262F0083C6F4 /* port1.png in Resources */,
				1F955DFB1744262F0083C6F4 /* port1@2x.png in Resources */,
				1F955DFC1744262F0083C6F4 /* right-badge.png in Resources */,
				1F955DFD1744262F0083C6F4 /* right-badge@2x.png in Resources */,
				1F955DFE1744262F0083C6F4 /* tip-bg.png in Resources */,
				1F955DFF1744262F0083C6F4 /* tip-bg@2x.png in Resources */,
				1F955E001744262F0083C6F4 /* wrong-badge.png in Resources */,
				1F955E011744262F0083C6F4 /* wrong-badge@2x.png in Resources */,
				1F955E04174437DA0083C6F4 /* sea.png in Resources */,
				1F955E05174437DA0083C6F4 /* sea@2x.png in Resources */,
				1F955E081744E9270083C6F4 /* boat1.png in Resources */,
				1F955E091744E9270083C6F4 /* boat1@2x.png in Resources */,
				1F955E0C1744EF0D0083C6F4 /* play-button.png in Resources */,
				1F955E0D1744EF0D0083C6F4 /* play-button@2x.png in Resources */,
				1F955E101744EF8C0083C6F4 /* menu-level1-bg.png in Resources */,
				1F955E111744EF8C0083C6F4 /* menu-level1-bg@2x.png in Resources */,
			);
			runOnlyForDeploymentPostprocessing = 0;
		};
/* End PBXResourcesBuildPhase section */

/* Begin PBXSourcesBuildPhase section */
		1FB32F49170D9F9E00E6FEC6 /* Sources */ = {
			isa = PBXSourcesBuildPhase;
			buildActionMask = 2147483647;
			files = (
				1FB32F5D170D9F9E00E6FEC6 /* main.m in Sources */,
				1FB32F61170D9F9E00E6FEC6 /* FFAAppDelegate.m in Sources */,
				1FB32F6D170D9F9E00E6FEC6 /* FFAStartViewController.m in Sources */,
				1F7236CF1713FE3500349A34 /* FFAGameViewController.m in Sources */,
				1FFF2EBA17202C550071E9F8 /* FFAPlayer.m in Sources */,
				1F8348DF17425AAD00B25115 /* FFAQuestionData.m in Sources */,
				1F955DD117440D350083C6F4 /* FFADiplomaViewController.m in Sources */,
			);
			runOnlyForDeploymentPostprocessing = 0;
		};
/* End PBXSourcesBuildPhase section */

/* Begin PBXVariantGroup section */
		1FB32F59170D9F9E00E6FEC6 /* InfoPlist.strings */ = {
			isa = PBXVariantGroup;
			children = (
				1FB32F5A170D9F9E00E6FEC6 /* en */,
			);
			name = InfoPlist.strings;
			sourceTree = "<group>";
		};
		1FB32F68170D9F9E00E6FEC6 /* MainStoryboard.storyboard */ = {
			isa = PBXVariantGroup;
			children = (
				1FB32F69170D9F9E00E6FEC6 /* en */,
			);
			name = MainStoryboard.storyboard;
			sourceTree = "<group>";
		};
/* End PBXVariantGroup section */

/* Begin XCBuildConfiguration section */
		1FB32F6E170D9F9E00E6FEC6 /* Debug */ = {
			isa = XCBuildConfiguration;
			buildSettings = {
				ALWAYS_SEARCH_USER_PATHS = NO;
				CLANG_CXX_LANGUAGE_STANDARD = "gnu++0x";
				CLANG_CXX_LIBRARY = "libc++";
				CLANG_ENABLE_OBJC_ARC = YES;
				CLANG_WARN_CONSTANT_CONVERSION = YES;
				CLANG_WARN_EMPTY_BODY = YES;
				CLANG_WARN_ENUM_CONVERSION = YES;
				CLANG_WARN_INT_CONVERSION = YES;
				CLANG_WARN__DUPLICATE_METHOD_MATCH = YES;
				"CODE_SIGN_IDENTITY[sdk=iphoneos*]" = "iPhone Developer";
				COPY_PHASE_STRIP = NO;
				GCC_C_LANGUAGE_STANDARD = gnu99;
				GCC_DYNAMIC_NO_PIC = NO;
				GCC_OPTIMIZATION_LEVEL = 0;
				GCC_PREPROCESSOR_DEFINITIONS = (
					"DEBUG=1",
					"$(inherited)",
				);
				GCC_SYMBOLS_PRIVATE_EXTERN = NO;
				GCC_WARN_ABOUT_RETURN_TYPE = YES;
				GCC_WARN_UNINITIALIZED_AUTOS = YES;
				GCC_WARN_UNUSED_VARIABLE = YES;
				HEADER_SEARCH_PATHS = "${SPARROW_SRC}/**";
				IPHONEOS_DEPLOYMENT_TARGET = 6.1;
				ONLY_ACTIVE_ARCH = YES;
				OTHER_LDFLAGS = (
					"-all_load",
					"-ObjC",
				);
				SDKROOT = iphoneos;
				TARGETED_DEVICE_FAMILY = 2;
			};
			name = Debug;
		};
		1FB32F6F170D9F9E00E6FEC6 /* Release */ = {
			isa = XCBuildConfiguration;
			buildSettings = {
				ALWAYS_SEARCH_USER_PATHS = NO;
				CLANG_CXX_LANGUAGE_STANDARD = "gnu++0x";
				CLANG_CXX_LIBRARY = "libc++";
				CLANG_ENABLE_OBJC_ARC = YES;
				CLANG_WARN_CONSTANT_CONVERSION = YES;
				CLANG_WARN_EMPTY_BODY = YES;
				CLANG_WARN_ENUM_CONVERSION = YES;
				CLANG_WARN_INT_CONVERSION = YES;
				CLANG_WARN__DUPLICATE_METHOD_MATCH = YES;
				"CODE_SIGN_IDENTITY[sdk=iphoneos*]" = "iPhone Developer";
				COPY_PHASE_STRIP = YES;
				GCC_C_LANGUAGE_STANDARD = gnu99;
				GCC_WARN_ABOUT_RETURN_TYPE = YES;
				GCC_WARN_UNINITIALIZED_AUTOS = YES;
				GCC_WARN_UNUSED_VARIABLE = YES;
				HEADER_SEARCH_PATHS = "${SPARROW_SRC}/**";
				IPHONEOS_DEPLOYMENT_TARGET = 6.1;
				OTHER_CFLAGS = "-DNS_BLOCK_ASSERTIONS=1";
				OTHER_LDFLAGS = (
					"-all_load",
					"-ObjC",
				);
				SDKROOT = iphoneos;
				TARGETED_DEVICE_FAMILY = 2;
				VALIDATE_PRODUCT = YES;
			};
			name = Release;
		};
		1FB32F71170D9F9E00E6FEC6 /* Debug */ = {
			isa = XCBuildConfiguration;
			buildSettings = {
				GCC_PRECOMPILE_PREFIX_HEADER = YES;
				GCC_PREFIX_HEADER = "financialflow/financialflow-Prefix.pch";
				INFOPLIST_FILE = "financialflow/financialflow-Info.plist";
				LIBRARY_SEARCH_PATHS = (
					"$(inherited)",
					"\"$(SRCROOT)\"",
				);
				PRODUCT_NAME = "$(TARGET_NAME)";
				WRAPPER_EXTENSION = app;
			};
			name = Debug;
		};
		1FB32F72170D9F9E00E6FEC6 /* Release */ = {
			isa = XCBuildConfiguration;
			buildSettings = {
				"CODE_SIGN_IDENTITY[sdk=iphoneos*]" = "iPhone Developer";
				GCC_PRECOMPILE_PREFIX_HEADER = YES;
				GCC_PREFIX_HEADER = "financialflow/financialflow-Prefix.pch";
				INFOPLIST_FILE = "financialflow/financialflow-Info.plist";
				LIBRARY_SEARCH_PATHS = (
					"$(inherited)",
					"\"$(SRCROOT)\"",
				);
				PRODUCT_NAME = "$(TARGET_NAME)";
				"PROVISIONING_PROFILE[sdk=iphoneos*]" = "";
				WRAPPER_EXTENSION = app;
			};
			name = Release;
		};
/* End XCBuildConfiguration section */

/* Begin XCConfigurationList section */
		1FB32F48170D9F9E00E6FEC6 /* Build configuration list for PBXProject "financialflow" */ = {
			isa = XCConfigurationList;
			buildConfigurations = (
				1FB32F6E170D9F9E00E6FEC6 /* Debug */,
				1FB32F6F170D9F9E00E6FEC6 /* Release */,
			);
			defaultConfigurationIsVisible = 0;
			defaultConfigurationName = Release;
		};
		1FB32F70170D9F9E00E6FEC6 /* Build configuration list for PBXNativeTarget "financialflow" */ = {
			isa = XCConfigurationList;
			buildConfigurations = (
				1FB32F71170D9F9E00E6FEC6 /* Debug */,
				1FB32F72170D9F9E00E6FEC6 /* Release */,
			);
			defaultConfigurationIsVisible = 0;
			defaultConfigurationName = Release;
		};
/* End XCConfigurationList section */
	};
	rootObject = 1FB32F45170D9F9E00E6FEC6 /* Project object */;
}
